
Microsoft Visual Studio Solution File, Format Version 12.00
# Visual Studio Version 16
VisualStudioVersion = 16.0.30804.86
MinimumVisualStudioVersion = 10.0.40219.1
Project("{FAE04EC0-301F-11D3-BF4B-00C04F79EFBC}") = "FilmDukkaniProje", "FilmDukkaniProje\FilmDukkaniProje.csproj", "{CF98E7F7-FC02-4C69-9DC5-010B06966B11}"
EndProject
Global
	GlobalSection(SolutionConfigurationPlatforms) = preSolution
		Debug|Any CPU = Debug|Any CPU
		Release|Any CPU = Release|Any CPU
	EndGlobalSection
	GlobalSection(ProjectConfigurationPlatforms) = postSolution
		{CF98E7F7-FC02-4C69-9DC5-010B06966B11}.Debug|Any CPU.ActiveCfg = Debug|Any CPU
		{CF98E7F7-FC02-4C69-9DC5-010B06966B11}.Debug|Any CPU.Build.0 = Debug|Any CPU
		{CF98E7F7-FC02-4C69-9DC5-010B06966B11}.Release|Any CPU.ActiveCfg = Release|Any CPU
		{CF98E7F7-FC02-4C69-9DC5-010B06966B11}.Release|Any CPU.Build.0 = Release|Any CPU
	EndGlobalSection
	GlobalSection(SolutionProperties) = preSolution
		HideSolutionNode = FALSE
	EndGlobalSection
	GlobalSection(ExtensibilityGlobals) = postSolution
		SolutionGuid = {80888717-F18F-472E-881F-4DFA6EE3CAA2}
	EndGlobalSection
EndGlobal
